<?xml version="1.0" encoding="utf-8"?>
<Project ToolsVersion="4.0" xmlns="http://schemas.microsoft.com/developer/msbuild/2003">
  <ItemGroup>
    <ClCompile Include="dllmain.cpp" />
    <ClCompile Include="src\gl3w\gl3w.c">
      <Filter>src\gl3w</Filter>
    </ClCompile>
    <ClCompile Include="src\RenderAPI.cpp">
      <Filter>src</Filter>
    </ClCompile>
    <ClCompile Include="src\RenderAPI_D3D11.cpp">
      <Filter>src</Filter>
    </ClCompile>
    <ClCompile Include="src\RenderAPI_D3D12.cpp">
      <Filter>src</Filter>
    </ClCompile>
    <ClCompile Include="src\RenderAPI_OpenGLCoreES.cpp">
      <Filter>src</Filter>
    </ClCompile>
    <ClCompile Include="src\RenderAPI_Vulkan.cpp">
      <Filter>src</Filter>
    </ClCompile>
    <ClCompile Include="src\RenderingPlugin.cpp">
      <Filter>src</Filter>
    </ClCompile>
  </ItemGroup>
  <ItemGroup>
    <Filter Include="src">
      <UniqueIdentifier>{8bd65b8e-62c4-4cd2-8599-235cb87376f5}</UniqueIdentifier>
    </Filter>
    <Filter Include="src\gl3w">
      <UniqueIdentifier>{0e68e25a-4915-4f23-8b53-78396816cdf0}</UniqueIdentifier>
    </Filter>
    <Filter Include="src\Unity">
      <UniqueIdentifier>{83187fa4-8b5b-4a66-9343-05bbbe1c22ce}</UniqueIdentifier>
    </Filter>
  </ItemGroup>
  <ItemGroup>
    <ClInclude Include="src\gl3w\gl3w.h">
      <Filter>src\gl3w</Filter>
    </ClInclude>
    <ClInclude Include="src\gl3w\glcorearb.h">
      <Filter>src\gl3w</Filter>
    </ClInclude>
    <ClInclude Include="src\Unity\IUnityGraphics.h">
      <Filter>src\Unity</Filter>
    </ClInclude>
    <ClInclude Include="src\Unity\IUnityGraphicsD3D11.h">
      <Filter>src\Unity</Filter>
    </ClInclude>
    <ClInclude Include="src\Unity\IUnityGraphicsD3D12.h">
      <Filter>src\Unity</Filter>
    </ClInclude>
    <ClInclude Include="src\Unity\IUnityGraphicsD3D9.h">
      <Filter>src\Unity</Filter>
    </ClInclude>
    <ClInclude Include="src\Unity\IUnityGraphicsMetal.h">
      <Filter>src\Unity</Filter>
    </ClInclude>
    <ClInclude Include="src\Unity\IUnityGraphicsVulkan.h">
      <Filter>src\Unity</Filter>
    </ClInclude>
    <ClInclude Include="src\Unity\IUnityInterface.h">
      <Filter>src\Unity</Filter>
    </ClInclude>
    <ClInclude Include="src\PlatformBase.h">
      <Filter>src</Filter>
    </ClInclude>
    <ClInclude Include="src\RenderAPI.h">
      <Filter>src</Filter>
    </ClInclude>
  </ItemGroup>
  <ItemGroup>
    <None Include="src\RenderingPlugin.def">
      <Filter>src</Filter>
    </None>
    <None Include="src\RenderAPI_Metal.mm">
      <Filter>src</Filter>
    </None>
  </ItemGroup>
</Project>